
Microsoft Visual Studio Solution File, Format Version 12.00
# Visual Studio 2012
Project("{FAE04EC0-301F-11D3-BF4B-00C04F79EFBC}") = "Conceal", "Conceal\Conceal.csproj", "{CC9CB44A-CADF-42C0-BB6D-774E222C965A}"
EndProject
Global
	GlobalSection(SolutionConfigurationPlatforms) = preSolution
		Debug|Any CPU = Debug|Any CPU
		Release|Any CPU = Release|Any CPU
	EndGlobalSection
	GlobalSection(ProjectConfigurationPlatforms) = postSolution
		{CC9CB44A-CADF-42C0-BB6D-774E222C965A}.Debug|Any CPU.ActiveCfg = Debug|Any CPU
		{CC9CB44A-CADF-42C0-BB6D-774E222C965A}.Debug|Any CPU.Build.0 = Debug|Any CPU
		{CC9CB44A-CADF-42C0-BB6D-774E222C965A}.Release|Any CPU.ActiveCfg = Release|Any CPU
		{CC9CB44A-CADF-42C0-BB6D-774E222C965A}.Release|Any CPU.Build.0 = Release|Any CPU
	EndGlobalSection
	GlobalSection(SolutionProperties) = preSolution
		HideSolutionNode = FALSE
	EndGlobalSection
EndGlobal
